PODS:
  - Alamofire (5.6.4)
  - AlphaWalletABI (1.0.0):
    - AlphaWalletAddress
    - EthereumABI
    - TrustKeystore
  - AlphaWalletAddress (1.0.2):
    - AlphaWalletCore
    - EthereumAddress
    - TrustKeystore
  - AlphaWalletAttestation (0.0.1):
    - AlphaWalletFoundation
    - AlphaWalletTokenScript
    - AlphaWalletWeb3
    - BigInt
    - GzipSwift
  - AlphaWalletCore (1.0.2):
    - Alamofire (= 5.6.4)
    - APIKit (= 5.1.0)
    - BigInt
    - CombineExt (= 1.8.0)
    - PromiseKit
  - AlphaWalletENS (1.0.0):
    - AlphaWalletAddress
    - AlphaWalletCore
    - AlphaWalletWeb3
    - PromiseKit
  - AlphaWalletFoundation (1.0.0):
    - AlphaWalletABI
    - AlphaWalletAddress
    - AlphaWalletCore
    - AlphaWalletENS
    - AlphaWalletGoBack
    - AlphaWalletHardwareWallet
    - AlphaWalletLogger
    - AlphaWalletOpenSea
    - AlphaWalletShareExtensionCore
    - AlphaWalletTokenScript
    - AlphaWalletTrustWalletCoreExtensions
    - AlphaWalletWeb3
    - AlphaWalletWeb3Provider
    - APIKit (= 5.1.0)
    - Apollo (= 0.53.0)
    - BigInt (~> 3.1)
    - BlockiesSwift
    - CombineExt (= 1.8.0)
    - CryptoSwift (~> 1.4)
    - JSONRPCKit (~> 2.0.0)
    - Kanna
    - PaperTrailLumberjack/Swift
    - PromiseKit/CorePromise
    - RealmSwift (= 10.36.0)
    - SwiftProtobuf (~> 1.18.0)
    - SwiftyJSON (= 5.0.0)
    - TrezorCrypto
    - TrustKeystore
  - AlphaWalletGoBack (1.0.0)
  - AlphaWalletHardwareWallet (1.0.0):
    - AlphaWalletAddress
    - AlphaWalletTrustWalletCoreExtensions
    - AlphaWalletWeb3
    - TrustKeystore
  - AlphaWalletLogger (1.0.0):
    - CocoaLumberjack (= 3.7.0)
  - AlphaWalletNotifications (1.0.1):
    - AlphaWalletCore
    - AlphaWalletFoundation
    - Firebase/Messaging
    - FirebaseCrashlytics
    - SwiftyJSON
  - AlphaWalletOpenSea (1.0.0):
    - AlphaWalletAddress
    - AlphaWalletCore
    - BigInt
    - PromiseKit
    - SwiftyJSON (= 5.0.0)
  - AlphaWalletShareExtensionCore (1.0.0)
  - AlphaWalletTokenScript (1.0.0):
    - AlphaWalletABI
    - AlphaWalletAddress
    - AlphaWalletCore
    - AlphaWalletLogger
    - AlphaWalletOpenSea
    - AlphaWalletWeb3
    - APIKit
    - BigInt
    - Kanna
    - PromiseKit/CorePromise
  - AlphaWalletTrackAPICalls (1.0.0)
  - AlphaWalletTrustWalletCoreExtensions (1.0.0):
    - AlphaWalletCore
    - BigInt
    - TrustWalletCore (= 2.6.34)
  - AlphaWalletWeb3 (0.0.1):
    - AlphaWalletABI
    - AlphaWalletAddress
    - AlphaWalletCore
    - AlphaWalletLogger
    - APIKit
    - BigInt
    - CryptoSwift
    - JSONRPCKit
    - PromiseKit (~> 6.3.0)
    - secp256k1_ios (~> 0.1.3)
    - SwiftyJSON (= 5.0.0)
  - AlphaWalletWeb3Provider (0.3.0)
  - APIKit (5.1.0)
  - Apollo (0.53.0):
    - Apollo/Core (= 0.53.0)
  - Apollo/Core (0.53.0)
  - BigInt (3.1.0):
    - SipHash (~> 1.2)
  - BlockiesSwift (0.1.2)
  - Charts (4.1.0):
    - Charts/Core (= 4.1.0)
  - Charts/Core (4.1.0):
    - SwiftAlgorithms (~> 1.0)
  - CocoaAsyncSocket (7.6.5)
  - CocoaLumberjack (3.7.0):
    - CocoaLumberjack/Core (= 3.7.0)
  - CocoaLumberjack/Core (3.7.0)
  - CocoaLumberjack/Swift (3.7.0):
    - CocoaLumberjack/Core
  - CombineExt (1.8.0)
  - CryptoSwift (1.5.1)
  - EthereumABI (1.3.0):
    - BigInt (~> 3.1)
    - CryptoSwift (~> 1.0)
    - EthereumAddress (~> 1.3)
  - EthereumAddress (1.3.0):
    - CryptoSwift (~> 1.0)
  - Firebase/CoreOnly (10.5.0):
    - FirebaseCore (= 10.5.0)
  - Firebase/Crashlytics (10.5.0):
    - Firebase/CoreOnly
    - FirebaseCrashlytics (~> 10.5.0)
  - Firebase/Messaging (10.5.0):
    - Firebase/CoreOnly
    - FirebaseMessaging (~> 10.5.0)
  - FirebaseCore (10.5.0):
    - FirebaseCoreInternal (~> 10.0)
    - GoogleUtilities/Environment (~> 7.8)
    - GoogleUtilities/Logger (~> 7.8)
  - FirebaseCoreInternal (10.5.0):
    - "GoogleUtilities/NSData+zlib (~> 7.8)"
  - FirebaseCrashlytics (10.5.0):
    - FirebaseCore (~> 10.0)
    - FirebaseInstallations (~> 10.0)
    - GoogleDataTransport (~> 9.2)
    - GoogleUtilities/Environment (~> 7.8)
    - nanopb (< 2.30910.0, >= 2.30908.0)
    - PromisesObjC (~> 2.1)
  - FirebaseInstallations (10.5.0):
    - FirebaseCore (~> 10.0)
    - GoogleUtilities/Environment (~> 7.8)
    - GoogleUtilities/UserDefaults (~> 7.8)
    - PromisesObjC (~> 2.1)
  - FirebaseMessaging (10.5.0):
    - FirebaseCore (~> 10.0)
    - FirebaseInstallations (~> 10.0)
    - GoogleDataTransport (~> 9.2)
    - GoogleUtilities/AppDelegateSwizzler (~> 7.8)
    - GoogleUtilities/Environment (~> 7.8)
    - GoogleUtilities/Reachability (~> 7.8)
    - GoogleUtilities/UserDefaults (~> 7.8)
    - nanopb (< 2.30910.0, >= 2.30908.0)
  - FloatingPanel (2.5.2)
  - GoogleDataTransport (9.2.1):
    - GoogleUtilities/Environment (~> 7.7)
    - nanopb (< 2.30910.0, >= 2.30908.0)
    - PromisesObjC (< 3.0, >= 1.2)
  - GoogleUtilities/AppDelegateSwizzler (7.11.0):
    - GoogleUtilities/Environment
    - GoogleUtilities/Logger
    - GoogleUtilities/Network
  - GoogleUtilities/Environment (7.11.0):
    - PromisesObjC (< 3.0, >= 1.2)
  - GoogleUtilities/Logger (7.11.0):
    - GoogleUtilities/Environment
  - GoogleUtilities/Network (7.11.0):
    - GoogleUtilities/Logger
    - "GoogleUtilities/NSData+zlib"
    - GoogleUtilities/Reachability
  - "GoogleUtilities/NSData+zlib (7.11.0)"
  - GoogleUtilities/Reachability (7.11.0):
    - GoogleUtilities/Logger
  - GoogleUtilities/UserDefaults (7.11.0):
    - GoogleUtilities/Logger
  - GzipSwift (5.1.1)
  - iOSSnapshotTestCase (6.2.0):
    - iOSSnapshotTestCase/SwiftSupport (= 6.2.0)
  - iOSSnapshotTestCase/Core (6.2.0)
  - iOSSnapshotTestCase/SwiftSupport (6.2.0):
    - iOSSnapshotTestCase/Core
  - IQKeyboardManager (6.5.10)
  - JSONRPCKit (2.0.3):
    - Result (~> 3.0)
  - Kanna (5.0.0)
  - KeychainSwift (10.0.0)
  - Kingfisher (7.6.2)
  - MailchimpSDK (2.0.4)
  - MBProgressHUD (1.2.0)
  - Mixpanel-swift (3.2.0):
    - Mixpanel-swift/Complete (= 3.2.0)
  - Mixpanel-swift/Complete (3.2.0)
  - nanopb (2.30909.0):
    - nanopb/decode (= 2.30909.0)
    - nanopb/encode (= 2.30909.0)
  - nanopb/decode (2.30909.0)
  - nanopb/encode (2.30909.0)
  - PaperTrailLumberjack/Core (0.1.9):
    - CocoaAsyncSocket (~> 7.6)
    - CocoaLumberjack (~> 3.4)
  - PaperTrailLumberjack/Swift (0.1.9):
    - CocoaLumberjack/Swift (~> 3.4)
    - PaperTrailLumberjack/Core
  - PromiseKit (6.3.5):
    - PromiseKit/CorePromise (= 6.3.5)
    - PromiseKit/Foundation (= 6.3.5)
    - PromiseKit/UIKit (= 6.3.5)
  - PromiseKit/CorePromise (6.3.5)
  - PromiseKit/Foundation (6.3.5):
    - PromiseKit/CorePromise
  - PromiseKit/UIKit (6.3.5):
    - PromiseKit/CorePromise
  - PromisesObjC (2.2.0)
  - QRCodeReaderViewController (4.0.2)
  - R.swift (5.4.0):
    - R.swift.Library (~> 5.3.0)
  - R.swift.Library (5.3.0)
  - Realm (10.36.0):
    - Realm/Headers (= 10.36.0)
  - Realm/Headers (10.36.0)
  - RealmSwift (10.36.0):
    - Realm (= 10.36.0)
  - Result (3.2.4)
  - SAMKeychain (1.5.3)
  - secp256k1_ios (0.1.3)
  - SipHash (1.2.2)
  - Starscream (3.1.1)
  - StatefulViewController (3.0)
  - SwiftAlgorithms (1.0.0)
  - SwiftFormat/CLI (0.50.3)
  - SwiftLint (0.50.3)
  - SwiftProtobuf (1.18.0)
  - SwiftyJSON (5.0.0)
  - TrezorCrypto (0.0.9)
  - TrustKeystore (0.1.3):
    - CryptoSwift (~> 1.0)
    - secp256k1_ios (~> 0.1.0)
    - TrezorCrypto
  - TrustWalletCore (2.6.34):
    - TrustWalletCore/Core (= 2.6.34)
  - TrustWalletCore/Core (2.6.34):
    - TrustWalletCore/Types
  - TrustWalletCore/Types (2.6.34):
    - SwiftProtobuf
  - WalletConnectSwift (1.7.0):
    - CryptoSwift (~> 1.5)
  - xcbeautify (0.11.0)

DEPENDENCIES:
  - AlphaWalletABI (from `.`)
  - AlphaWalletAddress (from `.`)
  - AlphaWalletAttestation (from `.`)
  - AlphaWalletCore (from `.`)
  - AlphaWalletENS (from `.`)
  - AlphaWalletFoundation (from `.`)
  - AlphaWalletGoBack (from `.`)
  - AlphaWalletHardwareWallet (from `.`)
  - AlphaWalletLogger (from `.`)
  - AlphaWalletNotifications (from `.`)
  - AlphaWalletOpenSea (from `.`)
  - AlphaWalletShareExtensionCore (from `.`)
  - AlphaWalletTokenScript (from `.`)
  - AlphaWalletTrackAPICalls (from `.`)
  - AlphaWalletTrustWalletCoreExtensions (from `.`)
  - AlphaWalletWeb3 (from `.`)
  - AlphaWalletWeb3Provider (from `https://github.com/AlphaWallet/AlphaWallet-web3-provider`, commit `bdb38b06eeedeb4ca1e32d3ecd81783b5116ae68`)
  - BigInt (~> 3.1)
  - Charts
  - EthereumABI (from `https://github.com/AlphaWallet/EthereumABI.git`, commit `877b77e8e7cbc54ab0712d509b74fec21b79d1bb`)
  - Firebase/Crashlytics
  - FloatingPanel
  - iOSSnapshotTestCase (= 6.2.0)
  - IQKeyboardManager
  - Kanna (from `https://github.com/tid-kijyun/Kanna.git`, commit `06a04bc28783ccbb40efba355dee845a024033e8`)
  - KeychainSwift (from `https://github.com/AlphaWallet/keychain-swift.git`, commit `b797d40a9d08ec509db4335140cf2259b226e6a2`)
  - Kingfisher (~> 7.6.2)
  - MailchimpSDK
  - MBProgressHUD
  - Mixpanel-swift (~> 3.1)
  - PromiseKit/CorePromise
  - QRCodeReaderViewController (from `https://github.com/AlphaWallet/QRCodeReaderViewController.git`, commit `09da2d4b835589972ecacd022a75bc27b2c1d1bd`)
  - R.swift
  - SAMKeychain
  - Starscream (= 3.1.1)
  - StatefulViewController
  - SwiftFormat/CLI (~> 0.49)
  - SwiftLint (= 0.50.3)
  - TrezorCrypto (from `https://github.com/AlphaWallet/trezor-crypto-ios.git`, commit `50c16ba5527e269bbc838e80aee5bac0fe304cc7`)
  - TrustKeystore (from `https://github.com/AlphaWallet/latest-keystore-snapshot`, commit `c0bdc4f6ffc117b103e19d17b83109d4f5a0e764`)
  - WalletConnectSwift (from `https://github.com/AlphaWallet/WalletConnectSwift.git`, branch `alphaWallet`)
  - xcbeautify

SPEC REPOS:
  trunk:
    - Alamofire
    - APIKit
    - Apollo
    - BigInt
    - BlockiesSwift
    - Charts
    - CocoaAsyncSocket
    - CocoaLumberjack
    - CombineExt
    - CryptoSwift
    - EthereumAddress
    - Firebase
    - FirebaseCore
    - FirebaseCoreInternal
    - FirebaseCrashlytics
    - FirebaseInstallations
    - FirebaseMessaging
    - FloatingPanel
    - GoogleDataTransport
    - GoogleUtilities
    - GzipSwift
    - iOSSnapshotTestCase
    - IQKeyboardManager
    - JSONRPCKit
    - Kingfisher
    - MailchimpSDK
    - MBProgressHUD
    - Mixpanel-swift
    - nanopb
    - PaperTrailLumberjack
    - PromiseKit
    - PromisesObjC
    - R.swift
    - R.swift.Library
    - Realm
    - RealmSwift
    - Result
    - SAMKeychain
    - secp256k1_ios
    - SipHash
    - Starscream
    - StatefulViewController
    - SwiftAlgorithms
    - SwiftFormat
    - SwiftLint
    - SwiftProtobuf
    - SwiftyJSON
    - TrustWalletCore
    - xcbeautify

EXTERNAL SOURCES:
  AlphaWalletABI:
    :path: "."
  AlphaWalletAddress:
    :path: "."
  AlphaWalletAttestation:
    :path: "."
  AlphaWalletCore:
    :path: "."
  AlphaWalletENS:
    :path: "."
  AlphaWalletFoundation:
    :path: "."
  AlphaWalletGoBack:
    :path: "."
  AlphaWalletHardwareWallet:
    :path: "."
  AlphaWalletLogger:
    :path: "."
  AlphaWalletNotifications:
    :path: "."
  AlphaWalletOpenSea:
    :path: "."
  AlphaWalletShareExtensionCore:
    :path: "."
  AlphaWalletTokenScript:
    :path: "."
  AlphaWalletTrackAPICalls:
    :path: "."
  AlphaWalletTrustWalletCoreExtensions:
    :path: "."
  AlphaWalletWeb3:
    :path: "."
  AlphaWalletWeb3Provider:
    :commit: bdb38b06eeedeb4ca1e32d3ecd81783b5116ae68
    :git: https://github.com/AlphaWallet/AlphaWallet-web3-provider
  EthereumABI:
    :commit: 877b77e8e7cbc54ab0712d509b74fec21b79d1bb
    :git: https://github.com/AlphaWallet/EthereumABI.git
  Kanna:
    :commit: 06a04bc28783ccbb40efba355dee845a024033e8
    :git: https://github.com/tid-kijyun/Kanna.git
  KeychainSwift:
    :commit: b797d40a9d08ec509db4335140cf2259b226e6a2
    :git: https://github.com/AlphaWallet/keychain-swift.git
  QRCodeReaderViewController:
    :commit: 09da2d4b835589972ecacd022a75bc27b2c1d1bd
    :git: https://github.com/AlphaWallet/QRCodeReaderViewController.git
  TrezorCrypto:
    :commit: 50c16ba5527e269bbc838e80aee5bac0fe304cc7
    :git: https://github.com/AlphaWallet/trezor-crypto-ios.git
  TrustKeystore:
    :commit: c0bdc4f6ffc117b103e19d17b83109d4f5a0e764
    :git: https://github.com/AlphaWallet/latest-keystore-snapshot
  WalletConnectSwift:
    :branch: alphaWallet
    :git: https://github.com/AlphaWallet/WalletConnectSwift.git

CHECKOUT OPTIONS:
  AlphaWalletWeb3Provider:
    :commit: bdb38b06eeedeb4ca1e32d3ecd81783b5116ae68
    :git: https://github.com/AlphaWallet/AlphaWallet-web3-provider
  EthereumABI:
    :commit: 877b77e8e7cbc54ab0712d509b74fec21b79d1bb
    :git: https://github.com/AlphaWallet/EthereumABI.git
  Kanna:
    :commit: 06a04bc28783ccbb40efba355dee845a024033e8
    :git: https://github.com/tid-kijyun/Kanna.git
  KeychainSwift:
    :commit: b797d40a9d08ec509db4335140cf2259b226e6a2
    :git: https://github.com/AlphaWallet/keychain-swift.git
  QRCodeReaderViewController:
    :commit: 09da2d4b835589972ecacd022a75bc27b2c1d1bd
    :git: https://github.com/AlphaWallet/QRCodeReaderViewController.git
  TrezorCrypto:
    :commit: 50c16ba5527e269bbc838e80aee5bac0fe304cc7
    :git: https://github.com/AlphaWallet/trezor-crypto-ios.git
  TrustKeystore:
    :commit: c0bdc4f6ffc117b103e19d17b83109d4f5a0e764
    :git: https://github.com/AlphaWallet/latest-keystore-snapshot
  WalletConnectSwift:
    :commit: cb8dfc428ec70499a585c43e33a5e5c695b135a2
    :git: https://github.com/AlphaWallet/WalletConnectSwift.git

SPEC CHECKSUMS:
  Alamofire: 4e95d97098eacb88856099c4fc79b526a299e48c
  AlphaWalletABI: 5a4303eba7e575cf6ca11b70bb06f1b1d05b0d19
  AlphaWalletAddress: b1689336d5b2560d4f0993aa680e758c49068f87
  AlphaWalletAttestation: 20806a9a5448a2c88927c0ff32726d68c5936032
  AlphaWalletCore: 5b06f12b96578c533585bb1c06acf255a9f98bec
  AlphaWalletENS: 8f611f655728c8f2a6b91fb8f1417144d33a4915
  AlphaWalletFoundation: fecb0317a9f6b55dd736416660830a1145b9cd0c
  AlphaWalletGoBack: 665101a1185145ef0a4a92943dcb11ae1fe697ca
  AlphaWalletHardwareWallet: 7aafac3ef2246713a606bd69e3af75ff111e1afc
  AlphaWalletLogger: 54208bad850ec92a32fa4f969d0026305b6ce028
  AlphaWalletNotifications: 6e6a5f1cf0fc598c1c917dfb527a608b049a0a96
  AlphaWalletOpenSea: e6ee4efb03db0dfebc69dfe23db33fa33bba8918
  AlphaWalletShareExtensionCore: e5fc88c6120d5b77b3ba44a37e7b58da5ccbb7b6
  AlphaWalletTokenScript: b4e5d7acdc85ed6915d8bf07c82abf20836cee50
  AlphaWalletTrackAPICalls: 0e18ad5b389b054ee30673e7f1caf095a17c1b33
  AlphaWalletTrustWalletCoreExtensions: 976653ec0116dbcafa6ff1fc93ebdc3a469e5f57
  AlphaWalletWeb3: 6112b8d749368d3a8208bbec4220b13e003e4f40
  AlphaWalletWeb3Provider: 7ca1e1c1dc841dc1915f970daace48bf34931655
  APIKit: 9e1a4069608bf0ae5238811e6cfc26928ad4d01e
  Apollo: 204819ea82022fbc59ad05056820df867f19bd02
  BigInt: 76b5dfdfa3e2e478d4ffdf161aeede5502e2742f
  BlockiesSwift: 22d8d56dd187e6bfd16cb8c8fbd4fd4896c3e65d
  Charts: 354f86803d11d9c35de280587fef50d1af063978
  CocoaAsyncSocket: 065fd1e645c7abab64f7a6a2007a48038fdc6a99
  CocoaLumberjack: e8955b9d337ac307103b0a34fd141c32f27e53c5
  CombineExt: c4daa97ef75754d8ef319bd79edeef82652f3eea
  CryptoSwift: c4f2debceb38bf44c80659afe009f71e23e4a082
  EthereumABI: c021720744d260b87def6aa45d94554d260cb5a9
  EthereumAddress: 39fe8e11cf04e4e9902b55ae653dbc4e0aee5f30
  Firebase: 3d6637234ab163e31852834617b4fe1df3b7af6d
  FirebaseCore: 324b8d182d9ff7e3f6d1fa2f04b082d1c7a3e366
  FirebaseCoreInternal: e463f41bb935cd049505bf7e9a5bdd7dcea90df6
  FirebaseCrashlytics: ea94bc81f67d5d4702d0c782da13e1483217bac8
  FirebaseInstallations: 935bc4abb6f7a035cab7a0c31cb777b2be3dd254
  FirebaseMessaging: 35ecbbc68ff547fca80f9326c9622e79288c7149
  FloatingPanel: 935712d7a8076630135fbbd47f717700913efef9
  GoogleDataTransport: ea169759df570f4e37bdee1623ec32a7e64e67c4
  GoogleUtilities: c2bdc4cf2ce786c4d2e6b3bcfd599a25ca78f06f
  GzipSwift: 893f3e48e597a1a4f62fafcb6514220fcf8287fa
  iOSSnapshotTestCase: 9ab44cb5aa62b84d31847f40680112e15ec579a6
  IQKeyboardManager: 45a1fa55c1a5b02c61ac0fd7fd5b62bb4ad20d97
  JSONRPCKit: b2991f2f242d72022083f9d869140dabd26d65c7
  Kanna: a32875df62975f8f4b871e933b4ea1a5c3b8be0f
  KeychainSwift: c0d1b0c2901b9873f07f0e560fde92929069e863
  Kingfisher: 6c5449c6450c5239166510ba04afe374a98afc4f
  MailchimpSDK: 794fd7cb1095e55c764d8a699eb11fb61849ed76
  MBProgressHUD: 3ee5efcc380f6a79a7cc9b363dd669c5e1ae7406
  Mixpanel-swift: 7c0b15c3ea96a997a989737612a3e62e72c1c561
  nanopb: b552cce312b6c8484180ef47159bc0f65a1f0431
  PaperTrailLumberjack: 449587968d5aeb3eab2d4de041ffc61ee2d49f25
  PromiseKit: 32c36425387e9cfc7f1206f27bfd906d0b53c0d6
  PromisesObjC: 09985d6d70fbe7878040aa746d78236e6946d2ef
  QRCodeReaderViewController: e8f27d035b3e72b1d4b1c61ff66458287e3be0ff
  R.swift: c533450b0f7dc494e0993f5f1a1db925d84c3006
  R.swift.Library: 0fc583cb55a99e28901299cc451614cad1161962
  Realm: 3fd136cb4c83a927482a7f1612496d37beed3cf5
  RealmSwift: 513d4dcbf5bfc4d573454088b592685fc48dd716
  Result: d2d07204ce72856f1fd9130bbe42c35a7b0fea10
  SAMKeychain: 483e1c9f32984d50ca961e26818a534283b4cd5c
  secp256k1_ios: ac9ef04e761f43c58012b28548afa91493761f17
  SipHash: fad90a4683e420c52ef28063063dbbce248ea6d4
  Starscream: 4bb2f9942274833f7b4d296a55504dcfc7edb7b0
  StatefulViewController: 4803bf900d44de26074344998e10e041113b5931
  SwiftAlgorithms: 38dda4731d19027fdeee1125f973111bf3386b53
  SwiftFormat: 61cda3819dc3a7d69795ce0430e1e1d53c4a4fb2
  SwiftLint: 77f7cb2b9bb81ab4a12fcc86448ba3f11afa50c6
  SwiftProtobuf: c3c12645230d9b09c72267e0de89468c5543bd86
  SwiftyJSON: 36413e04c44ee145039d332b4f4e2d3e8d6c4db7
  TrezorCrypto: bfeea47a052dca2c77d4a39e1e183865e52de14d
  TrustKeystore: 3d8b4571c66648fb985015c96b3185440bb837fe
  TrustWalletCore: a92d85baa15932279cce925559e93695558cafdd
  WalletConnectSwift: 6309bf3011b0b30e3e9d1e7449535302a9240f71
  xcbeautify: b2c6b50c9cab6414296898e94cd153e4ea879662

PODFILE CHECKSUM: f29721774eddc40fefd076855cdca437f2155e8a

COCOAPODS: 1.11.3
