{
  "object": {
    "pins": [
      {
        "package": "CryptoSwift",
        "repositoryURL": "https://github.com/krzyzanowskim/CryptoSwift.git",
        "state": {
          "branch": null,
          "revision": "4b0565384d3c4c588af09e660535b2c7c9bf5b39",
          "version": "1.4.2"
        }
      },
      {
        "package": "WalletConnect",
        "repositoryURL": "https://github.com/WalletConnect-Labs/WalletConnectSwiftV2.git",
        "state": {
          "branch": "main",
          "revision": "ae89159b5c9383dcfa4b4379aca44c411da3dad7",
          "version": null
        }
      }
    ]
  },
  "version": 1
}
