PODS:
  - CryptoSwift (1.4.2)
  - secp256k1_ios (0.1.3)
  - SwiftProtobuf (1.18.0)
  - TrezorCrypto (0.0.9)
  - TrustKeystore (0.1.3):
    - CryptoSwift (~> 1.0)
    - secp256k1_ios (~> 0.1.0)
    - TrezorCrypto
  - TrustWalletCore (2.6.30):
    - TrustWalletCore/Core (= 2.6.30)
  - TrustWalletCore/Core (2.6.30):
    - TrustWalletCore/Types
  - TrustWalletCore/Types (2.6.30):
    - SwiftProtobuf

DEPENDENCIES:
  - TrustKeystore (from `https://github.com/alpha-wallet/trust-keystore.git`, commit `c0bdc4f6ffc117b103e19d17b83109d4f5a0e764`)
  - TrustWalletCore

SPEC REPOS:
  trunk:
    - CryptoSwift
    - secp256k1_ios
    - SwiftProtobuf
    - TrezorCrypto
    - TrustWalletCore

EXTERNAL SOURCES:
  TrustKeystore:
    :commit: c0bdc4f6ffc117b103e19d17b83109d4f5a0e764
    :git: https://github.com/alpha-wallet/trust-keystore.git

CHECKOUT OPTIONS:
  TrustKeystore:
    :commit: c0bdc4f6ffc117b103e19d17b83109d4f5a0e764
    :git: https://github.com/alpha-wallet/trust-keystore.git

SPEC CHECKSUMS:
  CryptoSwift: a532e74ed010f8c95f611d00b8bbae42e9fe7c17
  secp256k1_ios: ac9ef04e761f43c58012b28548afa91493761f17
  SwiftProtobuf: c3c12645230d9b09c72267e0de89468c5543bd86
  TrezorCrypto: bfeea47a052dca2c77d4a39e1e183865e52de14d
  TrustKeystore: 3d8b4571c66648fb985015c96b3185440bb837fe
  TrustWalletCore: 544c56e602078359252c24313bf2be89ccdf1661

PODFILE CHECKSUM: c547fa45adcaa49c0d47446aa05cfaefec2c8ac9

COCOAPODS: 1.11.2
