<?xml version="1.0" encoding="UTF-8"?>
<Scheme
   LastUpgradeVersion = "1300"
   version = "1.7">
   <BuildAction
      parallelizeBuildables = "YES"
      buildImplicitDependencies = "YES">
      <PreActions>
         <ExecutionAction
            ActionType = "Xcode.IDEStandardExecutionActionsCore.ExecutionActionType.ShellScriptAction">
            <ActionContent
               title = "Run Script"
               scriptText = "touch &quot;$SRCROOT/AlphaWallet/R.generated.swift&quot;&#10;">
               <EnvironmentBuildable>
                  <BuildableReference
                     BuildableIdentifier = "primary"
                     BlueprintIdentifier = "2912CD0A1F6A830700C6CBE3"
                     BuildableName = "AlphaWalletTests.xctest"
                     BlueprintName = "AlphaWalletTests"
                     ReferencedContainer = "container:AlphaWallet.xcodeproj">
                  </BuildableReference>
               </EnvironmentBuildable>
            </ActionContent>
         </ExecutionAction>
      </PreActions>
      <BuildActionEntries>
         <BuildActionEntry
            buildForTesting = "YES"
            buildForRunning = "YES"
            buildForProfiling = "YES"
            buildForArchiving = "YES"
            buildForAnalyzing = "YES">
            <BuildableReference
               BuildableIdentifier = "primary"
               BlueprintIdentifier = "2912CCF41F6A830700C6CBE3"
               BuildableName = "AlphaWallet.app"
               BlueprintName = "AlphaWallet"
               ReferencedContainer = "container:AlphaWallet.xcodeproj">
            </BuildableReference>
         </BuildActionEntry>
      </BuildActionEntries>
   </BuildAction>
   <TestAction
      buildConfiguration = "Debug"
      selectedDebuggerIdentifier = "Xcode.DebuggerFoundation.Debugger.LLDB"
      selectedLauncherIdentifier = "Xcode.DebuggerFoundation.Launcher.LLDB"
      shouldUseLaunchSchemeArgsEnv = "YES">
      <MacroExpansion>
         <BuildableReference
            BuildableIdentifier = "primary"
            BlueprintIdentifier = "2912CCF41F6A830700C6CBE3"
            BuildableName = "AlphaWallet.app"
            BlueprintName = "AlphaWallet"
            ReferencedContainer = "container:AlphaWallet.xcodeproj">
         </BuildableReference>
      </MacroExpansion>
      <Testables>
         <TestableReference
            skipped = "NO">
            <BuildableReference
               BuildableIdentifier = "primary"
               BlueprintIdentifier = "2912CD0A1F6A830700C6CBE3"
               BuildableName = "AlphaWalletTests.xctest"
               BlueprintName = "AlphaWalletTests"
               ReferencedContainer = "container:AlphaWallet.xcodeproj">
            </BuildableReference>
         </TestableReference>
      </Testables>
   </TestAction>
   <LaunchAction
      buildConfiguration = "Debug"
      selectedDebuggerIdentifier = "Xcode.DebuggerFoundation.Debugger.LLDB"
      selectedLauncherIdentifier = "Xcode.DebuggerFoundation.Launcher.LLDB"
      launchStyle = "0"
      useCustomWorkingDirectory = "NO"
      ignoresPersistentStateOnLaunch = "NO"
      debugDocumentVersioning = "YES"
      debugServiceExtension = "internal"
      allowLocationSimulation = "YES">
      <BuildableProductRunnable
         runnableDebuggingMode = "0">
         <BuildableReference
            BuildableIdentifier = "primary"
            BlueprintIdentifier = "2912CCF41F6A830700C6CBE3"
            BuildableName = "AlphaWallet.app"
            BlueprintName = "AlphaWallet"
            ReferencedContainer = "container:AlphaWallet.xcodeproj">
         </BuildableReference>
      </BuildableProductRunnable>
      <EnvironmentVariables>
         <EnvironmentVariable
            key = "FB_REFERENCE_IMAGE_DIR"
            value = "$(SOURCE_ROOT)/AlphaWalletTests/Snapshots/ReferenceImage"
            isEnabled = "YES">
         </EnvironmentVariable>
         <EnvironmentVariable
            key = "SOURCE_ROOT"
            value = "$(SOURCE_ROOT)"
            isEnabled = "YES">
         </EnvironmentVariable>
         <EnvironmentVariable
            key = "IMAGE_DIFF_DIR"
            value = "$(SOURCE_ROOT)/AlphaWalletTests/Snapshots/FailureDiffs"
            isEnabled = "YES">
         </EnvironmentVariable>
         <EnvironmentVariable
            key = "INFURAKEY"
            value = "$(INFURAKEY)"
            isEnabled = "YES">
         </EnvironmentVariable>
         <EnvironmentVariable
            key = "WALLETCONNECTPROJECTID"
            value = "$(WALLETCONNECTPROJECTID)"
            isEnabled = "YES">
         </EnvironmentVariable>
         <EnvironmentVariable
            key = "ETHERSCANKEY"
            value = "$(ETHERSCANKEY)"
            isEnabled = "YES">
         </EnvironmentVariable>
         <EnvironmentVariable
            key = "BINANCESMARTCHAINEXPLORERAPIKEY"
            value = "$(BINANCESMARTCHAINEXPLORERAPIKEY)"
            isEnabled = "YES">
         </EnvironmentVariable>
         <EnvironmentVariable
            key = "POLYGONSCANEXPLORERAPIKEY"
            value = "$(POLYGONSCANEXPLORERAPIKEY)"
            isEnabled = "YES">
         </EnvironmentVariable>
         <EnvironmentVariable
            key = "PAPERTRAILHOST"
            value = "$(PAPERTRAILHOST)"
            isEnabled = "YES">
         </EnvironmentVariable>
         <EnvironmentVariable
            key = "OPENSEAKEY"
            value = "$(OPENSEAKEY)"
            isEnabled = "YES">
         </EnvironmentVariable>
         <EnvironmentVariable
            key = "RAMPAPIKEY"
            value = "$(RAMPAPIKEY)"
            isEnabled = "YES">
         </EnvironmentVariable>
         <EnvironmentVariable
            key = "COINBASEAPPID"
            value = "$(COINBASEAPPID)"
            isEnabled = "YES">
         </EnvironmentVariable>
         <EnvironmentVariable
            key = "ENJINUSERNAME"
            value = "$(ENJINUSERNAME)"
            isEnabled = "YES">
         </EnvironmentVariable>
         <EnvironmentVariable
            key = "ENJINUSERPASSWORD"
            value = "$(ENJINUSERPASSWORD)"
            isEnabled = "YES">
         </EnvironmentVariable>
         <EnvironmentVariable
            key = "UNSTOPPABLEDOMAINSV2KEY"
            value = "$(UNSTOPPABLEDOMAINSV2KEY)"
            isEnabled = "YES">
         </EnvironmentVariable>
         <EnvironmentVariable
            key = "BLOCKSCHATPROXYKEY"
            value = "$(BLOCKSCHATPROXYKEY)"
            isEnabled = "YES">
         </EnvironmentVariable>
         <EnvironmentVariable
            key = "COVALENTAPIKEY"
            value = "$(COVALENTAPIKEY)"
            isEnabled = "YES">
         </EnvironmentVariable>
         <EnvironmentVariable
            key = "KLAYTNRPCNODEKEYBASICAUTH"
            value = "$(KLAYTNRPCNODEKEYBASICAUTH)"
            isEnabled = "YES">
         </EnvironmentVariable>
      </EnvironmentVariables>
      <LocationScenarioReference
         identifier = "com.apple.dt.IDEFoundation.CurrentLocationScenarioIdentifier"
         referenceType = "1">
      </LocationScenarioReference>
   </LaunchAction>
   <ProfileAction
      buildConfiguration = "Release"
      shouldUseLaunchSchemeArgsEnv = "YES"
      savedToolIdentifier = ""
      useCustomWorkingDirectory = "NO"
      debugDocumentVersioning = "YES">
      <MacroExpansion>
         <BuildableReference
            BuildableIdentifier = "primary"
            BlueprintIdentifier = "2912CCF41F6A830700C6CBE3"
            BuildableName = "AlphaWallet.app"
            BlueprintName = "AlphaWallet"
            ReferencedContainer = "container:AlphaWallet.xcodeproj">
         </BuildableReference>
      </MacroExpansion>
   </ProfileAction>
   <AnalyzeAction
      buildConfiguration = "Debug">
   </AnalyzeAction>
   <ArchiveAction
      buildConfiguration = "Release"
      revealArchiveInOrganizer = "YES">
   </ArchiveAction>
</Scheme>
